
Microsoft Visual Studio Solution File, Format Version 12.00
Project("{FAE04EC0-301F-11D3-BF4B-00C04F79EFBC}") = "DataTemplateBug", "DataTemplateBug\DataTemplateBug.csproj", "{4A011DAF-1D2B-4CFC-AF42-733CE8909AEA}"
EndProject
Global
	GlobalSection(SolutionConfigurationPlatforms) = preSolution
		Debug|Any CPU = Debug|Any CPU
		Release|Any CPU = Release|Any CPU
	EndGlobalSection
	GlobalSection(ProjectConfigurationPlatforms) = postSolution
		{4A011DAF-1D2B-4CFC-AF42-733CE8909AEA}.Debug|Any CPU.ActiveCfg = Debug|Any CPU
		{4A011DAF-1D2B-4CFC-AF42-733CE8909AEA}.Debug|Any CPU.Build.0 = Debug|Any CPU
		{4A011DAF-1D2B-4CFC-AF42-733CE8909AEA}.Release|Any CPU.ActiveCfg = Release|Any CPU
		{4A011DAF-1D2B-4CFC-AF42-733CE8909AEA}.Release|Any CPU.Build.0 = Release|Any CPU
	EndGlobalSection
EndGlobal
